
Microsoft Visual Studio Solution File, Format Version 12.00
Project("{FAE04EC0-301F-11D3-BF4B-00C04F79EFBC}") = "ExpenseTrackPro.Web", "ExpenseTrackPro.Web\ExpenseTrackPro.Web.csproj", "{B8208F2F-E749-413C-99F1-DF51E1F02C1E}"
EndProject
Project("{FAE04EC0-301F-11D3-BF4B-00C04F79EFBC}") = "ExpenseTrackPro.Application", "ExpenseTrackPro.Application\ExpenseTrackPro.Application.csproj", "{2B5ECBE4-5B32-477B-860E-DB39F0737976}"
EndProject
Project("{FAE04EC0-301F-11D3-BF4B-00C04F79EFBC}") = "ExpenseTraackPro.Domain", "ExpenseTraackPro.Domain\ExpenseTraackPro.Domain.csproj", "{88056C32-5B34-4E82-ABD0-111F621FD999}"
EndProject
Project("{FAE04EC0-301F-11D3-BF4B-00C04F79EFBC}") = "ExpenseTrackPro.Infrastructure", "ExpenseTrackPro.Infrastructure\ExpenseTrackPro.Infrastructure.csproj", "{3C3BEBD9-DE12-4280-9B88-BE1F8F6D1E89}"
EndProject
Global
	GlobalSection(SolutionConfigurationPlatforms) = preSolution
		Debug|Any CPU = Debug|Any CPU
		Release|Any CPU = Release|Any CPU
	EndGlobalSection
	GlobalSection(ProjectConfigurationPlatforms) = postSolution
		{B8208F2F-E749-413C-99F1-DF51E1F02C1E}.Debug|Any CPU.ActiveCfg = Debug|Any CPU
		{B8208F2F-E749-413C-99F1-DF51E1F02C1E}.Debug|Any CPU.Build.0 = Debug|Any CPU
		{B8208F2F-E749-413C-99F1-DF51E1F02C1E}.Release|Any CPU.ActiveCfg = Release|Any CPU
		{B8208F2F-E749-413C-99F1-DF51E1F02C1E}.Release|Any CPU.Build.0 = Release|Any CPU
		{2B5ECBE4-5B32-477B-860E-DB39F0737976}.Debug|Any CPU.ActiveCfg = Debug|Any CPU
		{2B5ECBE4-5B32-477B-860E-DB39F0737976}.Debug|Any CPU.Build.0 = Debug|Any CPU
		{2B5ECBE4-5B32-477B-860E-DB39F0737976}.Release|Any CPU.ActiveCfg = Release|Any CPU
		{2B5ECBE4-5B32-477B-860E-DB39F0737976}.Release|Any CPU.Build.0 = Release|Any CPU
		{88056C32-5B34-4E82-ABD0-111F621FD999}.Debug|Any CPU.ActiveCfg = Debug|Any CPU
		{88056C32-5B34-4E82-ABD0-111F621FD999}.Debug|Any CPU.Build.0 = Debug|Any CPU
		{88056C32-5B34-4E82-ABD0-111F621FD999}.Release|Any CPU.ActiveCfg = Release|Any CPU
		{88056C32-5B34-4E82-ABD0-111F621FD999}.Release|Any CPU.Build.0 = Release|Any CPU
		{3C3BEBD9-DE12-4280-9B88-BE1F8F6D1E89}.Debug|Any CPU.ActiveCfg = Debug|Any CPU
		{3C3BEBD9-DE12-4280-9B88-BE1F8F6D1E89}.Debug|Any CPU.Build.0 = Debug|Any CPU
		{3C3BEBD9-DE12-4280-9B88-BE1F8F6D1E89}.Release|Any CPU.ActiveCfg = Release|Any CPU
		{3C3BEBD9-DE12-4280-9B88-BE1F8F6D1E89}.Release|Any CPU.Build.0 = Release|Any CPU
	EndGlobalSection
	GlobalSection(NestedProjects) = preSolution
	EndGlobalSection
EndGlobal
